// !$*UTF8*$!
{
	archiveVersion = 1;
	classes = {
	};
	objectVersion = 48;
	objects = {

/* Begin PBXBuildFile section */
		8A3E56A42045499900E6A7A0 /* AppDelegate.m in Sources */ = {isa = PBXBuildFile; fileRef = 8A3E56A32045499900E6A7A0 /* AppDelegate.m */; };
		8A3E56A72045499900E6A7A0 /* ViewController.m in Sources */ = {isa = PBXBuildFile; fileRef = 8A3E56A62045499900E6A7A0 /* ViewController.m */; };
		8A3E56AA2045499900E6A7A0 /* Main.storyboard in Resources */ = {isa = PBXBuildFile; fileRef = 8A3E56A82045499900E6A7A0 /* Main.storyboard */; };
		8A3E56AC2045499900E6A7A0 /* Assets.xcassets in Resources */ = {isa = PBXBuildFile; fileRef = 8A3E56AB2045499900E6A7A0 /* Assets.xcassets */; };
		8A3E56AF2045499900E6A7A0 /* LaunchScreen.storyboard in Resources */ = {isa = PBXBuildFile; fileRef = 8A3E56AD2045499900E6A7A0 /* LaunchScreen.storyboard */; };
		8A3E56B22045499900E6A7A0 /* main.m in Sources */ = {isa = PBXBuildFile; fileRef = 8A3E56B12045499900E6A7A0 /* main.m */; };
		8A3E56BC2045499900E6A7A0 /* RACTests.m in Sources */ = {isa = PBXBuildFile; fileRef = 8A3E56BB2045499900E6A7A0 /* RACTests.m */; };
		8A3E56C72045499900E6A7A0 /* RACUITests.m in Sources */ = {isa = PBXBuildFile; fileRef = 8A3E56C62045499900E6A7A0 /* RACUITests.m */; };
/* End PBXBuildFile section */

/* Begin PBXContainerItemProxy section */
		8A3E56B82045499900E6A7A0 /* PBXContainerItemProxy */ = {
			isa = PBXContainerItemProxy;
			containerPortal = 8A3E56972045499900E6A7A0 /* Project object */;
			proxyType = 1;
			remoteGlobalIDString = 8A3E569E2045499900E6A7A0;
			remoteInfo = RAC;
		};
		8A3E56C32045499900E6A7A0 /* PBXContainerItemProxy */ = {
			isa = PBXContainerItemProxy;
			containerPortal = 8A3E56972045499900E6A7A0 /* Project object */;
			proxyType = 1;
			remoteGlobalIDString = 8A3E569E2045499900E6A7A0;
			remoteInfo = RAC;
		};
/* End PBXContainerItemProxy section */

/* Begin PBXFileReference section */
		8A3E569F2045499900E6A7A0 /* RAC.app */ = {isa = PBXFileReference; explicitFileType = wrapper.application; includeInIndex = 0; path = RAC.app; sourceTree = BUILT_PRODUCTS_DIR; };
		8A3E56A22045499900E6A7A0 /* AppDelegate.h */ = {isa = PBXFileReference; lastKnownFileType = sourcecode.c.h; path = AppDelegate.h; sourceTree = "<group>"; };
		8A3E56A32045499900E6A7A0 /* AppDelegate.m */ = {isa = PBXFileReference; lastKnownFileType = sourcecode.c.objc; path = AppDelegate.m; sourceTree = "<group>"; };
		8A3E56A52045499900E6A7A0 /* ViewController.h */ = {isa = PBXFileReference; lastKnownFileType = sourcecode.c.h; path = ViewController.h; sourceTree = "<group>"; };
		8A3E56A62045499900E6A7A0 /* ViewController.m */ = {isa = PBXFileReference; lastKnownFileType = sourcecode.c.objc; path = ViewController.m; sourceTree = "<group>"; };
		8A3E56A92045499900E6A7A0 /* Base */ = {isa = PBXFileReference; lastKnownFileType = file.storyboard; name = Base; path = Base.lproj/Main.storyboard; sourceTree = "<group>"; };
		8A3E56AB2045499900E6A7A0 /* Assets.xcassets */ = {isa = PBXFileReference; lastKnownFileType = folder.assetcatalog; path = Assets.xcassets; sourceTree = "<group>"; };
		8A3E56AE2045499900E6A7A0 /* Base */ = {isa = PBXFileReference; lastKnownFileType = file.storyboard; name = Base; path = Base.lproj/LaunchScreen.storyboard; sourceTree = "<group>"; };
		8A3E56B02045499900E6A7A0 /* Info.plist */ = {isa = PBXFileReference; lastKnownFileType = text.plist.xml; path = Info.plist; sourceTree = "<group>"; };
		8A3E56B12045499900E6A7A0 /* main.m */ = {isa = PBXFileReference; lastKnownFileType = sourcecode.c.objc; path = main.m; sourceTree = "<group>"; };
		8A3E56B72045499900E6A7A0 /* RACTests.xctest */ = {isa = PBXFileReference; explicitFileType = wrapper.cfbundle; includeInIndex = 0; path = RACTests.xctest; sourceTree = BUILT_PRODUCTS_DIR; };
		8A3E56BB2045499900E6A7A0 /* RACTests.m */ = {isa = PBXFileReference; lastKnownFileType = sourcecode.c.objc; path = RACTests.m; sourceTree = "<group>"; };
		8A3E56BD2045499900E6A7A0 /* Info.plist */ = {isa = PBXFileReference; lastKnownFileType = text.plist.xml; path = Info.plist; sourceTree = "<group>"; };
		8A3E56C22045499900E6A7A0 /* RACUITests.xctest */ = {isa = PBXFileReference; explicitFileType = wrapper.cfbundle; includeInIndex = 0; path = RACUITests.xctest; sourceTree = BUILT_PRODUCTS_DIR; };
		8A3E56C62045499900E6A7A0 /* RACUITests.m */ = {isa = PBXFileReference; lastKnownFileType = sourcecode.c.objc; path = RACUITests.m; sourceTree = "<group>"; };
		8A3E56C82045499900E6A7A0 /* Info.plist */ = {isa = PBXFileReference; lastKnownFileType = text.plist.xml; path = Info.plist; sourceTree = "<group>"; };
/* End PBXFileReference section */

/* Begin PBXFrameworksBuildPhase section */
		8A3E569C2045499900E6A7A0 /* Frameworks */ = {
			isa = PBXFrameworksBuildPhase;
			buildActionMask = 2147483647;
			files = (
			);
			runOnlyForDeploymentPostprocessing = 0;
		};
		8A3E56B42045499900E6A7A0 /* Frameworks */ = {
			isa = PBXFrameworksBuildPhase;
			buildActionMask = 2147483647;
			files = (
			);
			runOnlyForDeploymentPostprocessing = 0;
		};
		8A3E56BF2045499900E6A7A0 /* Frameworks */ = {
			isa = PBXFrameworksBuildPhase;
			buildActionMask = 2147483647;
			files = (
			);
			runOnlyForDeploymentPostprocessing = 0;
		};
/* End PBXFrameworksBuildPhase section */

/* Begin PBXGroup section */
		8A3E56962045499900E6A7A0 = {
			isa = PBXGroup;
			children = (
				8A3E56A12045499900E6A7A0 /* RAC */,
				8A3E56BA2045499900E6A7A0 /* RACTests */,
				8A3E56C52045499900E6A7A0 /* RACUITests */,
				8A3E56A02045499900E6A7A0 /* Products */,
			);
			sourceTree = "<group>";
		};
		8A3E56A02045499900E6A7A0 /* Products */ = {
			isa = PBXGroup;
			children = (
				8A3E569F2045499900E6A7A0 /* RAC.app */,
				8A3E56B72045499900E6A7A0 /* RACTests.xctest */,
				8A3E56C22045499900E6A7A0 /* RACUITests.xctest */,
			);
			name = Products;
			sourceTree = "<group>";
		};
		8A3E56A12045499900E6A7A0 /* RAC */ = {
			isa = PBXGroup;
			children = (
				8A3E56A22045499900E6A7A0 /* AppDelegate.h */,
				8A3E56A32045499900E6A7A0 /* AppDelegate.m */,
				8A3E56A52045499900E6A7A0 /* ViewController.h */,
				8A3E56A62045499900E6A7A0 /* ViewController.m */,
				8A3E56A82045499900E6A7A0 /* Main.storyboard */,
				8A3E56AB2045499900E6A7A0 /* Assets.xcassets */,
				8A3E56AD2045499900E6A7A0 /* LaunchScreen.storyboard */,
				8A3E56B02045499900E6A7A0 /* Info.plist */,
				8A3E56B12045499900E6A7A0 /* main.m */,
			);
			path = RAC;
			sourceTree = "<group>";
		};
		8A3E56BA2045499900E6A7A0 /* RACTests */ = {
			isa = PBXGroup;
			children = (
				8A3E56BB2045499900E6A7A0 /* RACTests.m */,
				8A3E56BD2045499900E6A7A0 /* Info.plist */,
			);
			path = RACTests;
			sourceTree = "<group>";
		};
		8A3E56C52045499900E6A7A0 /* RACUITests */ = {
			isa = PBXGroup;
			children = (
				8A3E56C62045499900E6A7A0 /* RACUITests.m */,
				8A3E56C82045499900E6A7A0 /* Info.plist */,
			);
			path = RACUITests;
			sourceTree = "<group>";
		};
/* End PBXGroup section */

/* Begin PBXNativeTarget section */
		8A3E569E2045499900E6A7A0 /* RAC */ = {
			isa = PBXNativeTarget;
			buildConfigurationList = 8A3E56CB2045499900E6A7A0 /* Build configuration list for PBXNativeTarget "RAC" */;
			buildPhases = (
				8A3E569B2045499900E6A7A0 /* Sources */,
				8A3E569C2045499900E6A7A0 /* Frameworks */,
				8A3E569D2045499900E6A7A0 /* Resources */,
			);
			buildRules = (
			);
			dependencies = (
			);
			name = RAC;
			productName = RAC;
			productReference = 8A3E569F2045499900E6A7A0 /* RAC.app */;
			productType = "com.apple.product-type.application";
		};
		8A3E56B62045499900E6A7A0 /* RACTests */ = {
			isa = PBXNativeTarget;
			buildConfigurationList = 8A3E56CE2045499900E6A7A0 /* Build configuration list for PBXNativeTarget "RACTests" */;
			buildPhases = (
				8A3E56B32045499900E6A7A0 /* Sources */,
				8A3E56B42045499900E6A7A0 /* Frameworks */,
				8A3E56B52045499900E6A7A0 /* Resources */,
			);
			buildRules = (
			);
			dependencies = (
				8A3E56B92045499900E6A7A0 /* PBXTargetDependency */,
			);
			name = RACTests;
			productName = RACTests;
			productReference = 8A3E56B72045499900E6A7A0 /* RACTests.xctest */;
			productType = "com.apple.product-type.bundle.unit-test";
		};
		8A3E56C12045499900E6A7A0 /* RACUITests */ = {
			isa = PBXNativeTarget;
			buildConfigurationList = 8A3E56D12045499900E6A7A0 /* Build configuration list for PBXNativeTarget "RACUITests" */;
			buildPhases = (
				8A3E56BE2045499900E6A7A0 /* Sources */,
				8A3E56BF2045499900E6A7A0 /* Frameworks */,
				8A3E56C02045499900E6A7A0 /* Resources */,
			);
			buildRules = (
			);
			dependencies = (
				8A3E56C42045499900E6A7A0 /* PBXTargetDependency */,
			);
			name = RACUITests;
			productName = RACUITests;
			productReference = 8A3E56C22045499900E6A7A0 /* RACUITests.xctest */;
			productType = "com.apple.product-type.bundle.ui-testing";
		};
/* End PBXNativeTarget section */

/* Begin PBXProject section */
		8A3E56972045499900E6A7A0 /* Project object */ = {
			isa = PBXProject;
			attributes = {
				LastUpgradeCheck = 0920;
				ORGANIZATIONNAME = gengjunjie;
				TargetAttributes = {
					8A3E569E2045499900E6A7A0 = {
						CreatedOnToolsVersion = 9.2;
						ProvisioningStyle = Automatic;
					};
					8A3E56B62045499900E6A7A0 = {
						CreatedOnToolsVersion = 9.2;
						ProvisioningStyle = Automatic;
						TestTargetID = 8A3E569E2045499900E6A7A0;
					};
					8A3E56C12045499900E6A7A0 = {
						CreatedOnToolsVersion = 9.2;
						ProvisioningStyle = Automatic;
						TestTargetID = 8A3E569E2045499900E6A7A0;
					};
				};
			};
			buildConfigurationList = 8A3E569A2045499900E6A7A0 /* Build configuration list for PBXProject "RAC" */;
			compatibilityVersion = "Xcode 8.0";
			developmentRegion = en;
			hasScannedForEncodings = 0;
			knownRegions = (
				en,
				Base,
			);
			mainGroup = 8A3E56962045499900E6A7A0;
			productRefGroup = 8A3E56A02045499900E6A7A0 /* Products */;
			projectDirPath = "";
			projectRoot = "";
			targets = (
				8A3E569E2045499900E6A7A0 /* RAC */,
				8A3E56B62045499900E6A7A0 /* RACTests */,
				8A3E56C12045499900E6A7A0 /* RACUITests */,
			);
		};
/* End PBXProject section */

/* Begin PBXResourcesBuildPhase section */
		8A3E569D2045499900E6A7A0 /* Resources */ = {
			isa = PBXResourcesBuildPhase;
			buildActionMask = 2147483647;
			files = (
				8A3E56AF2045499900E6A7A0 /* LaunchScreen.storyboard in Resources */,
				8A3E56AC2045499900E6A7A0 /* Assets.xcassets in Resources */,
				8A3E56AA2045499900E6A7A0 /* Main.storyboard in Resources */,
			);
			runOnlyForDeploymentPostprocessing = 0;
		};
		8A3E56B52045499900E6A7A0 /* Resources */ = {
			isa = PBXResourcesBuildPhase;
			buildActionMask = 2147483647;
			files = (
			);
			runOnlyForDeploymentPostprocessing = 0;
		};
		8A3E56C02045499900E6A7A0 /* Resources */ = {
			isa = PBXResourcesBuildPhase;
			buildActionMask = 2147483647;
			files = (
			);
			runOnlyForDeploymentPostprocessing = 0;
		};
/* End PBXResourcesBuildPhase section */

/* Begin PBXSourcesBuildPhase section */
		8A3E569B2045499900E6A7A0 /* Sources */ = {
			isa = PBXSourcesBuildPhase;
			buildActionMask = 2147483647;
			files = (
				8A3E56A72045499900E6A7A0 /* ViewController.m in Sources */,
				8A3E56B22045499900E6A7A0 /* main.m in Sources */,
				8A3E56A42045499900E6A7A0 /* AppDelegate.m in Sources */,
			);
			runOnlyForDeploymentPostprocessing = 0;
		};
		8A3E56B32045499900E6A7A0 /* Sources */ = {
			isa = PBXSourcesBuildPhase;
			buildActionMask = 2147483647;
			files = (
				8A3E56BC2045499900E6A7A0 /* RACTests.m in Sources */,
			);
			runOnlyForDeploymentPostprocessing = 0;
		};
		8A3E56BE2045499900E6A7A0 /* Sources */ = {
			isa = PBXSourcesBuildPhase;
			buildActionMask = 2147483647;
			files = (
				8A3E56C72045499900E6A7A0 /* RACUITests.m in Sources */,
			);
			runOnlyForDeploymentPostprocessing = 0;
		};
/* End PBXSourcesBuildPhase section */

/* Begin PBXTargetDependency section */
		8A3E56B92045499900E6A7A0 /* PBXTargetDependency */ = {
			isa = PBXTargetDependency;
			target = 8A3E569E2045499900E6A7A0 /* RAC */;
			targetProxy = 8A3E56B82045499900E6A7A0 /* PBXContainerItemProxy */;
		};
		8A3E56C42045499900E6A7A0 /* PBXTargetDependency */ = {
			isa = PBXTargetDependency;
			target = 8A3E569E2045499900E6A7A0 /* RAC */;
			targetProxy = 8A3E56C32045499900E6A7A0 /* PBXContainerItemProxy */;
		};
/* End PBXTargetDependency section */

/* Begin PBXVariantGroup section */
		8A3E56A82045499900E6A7A0 /* Main.storyboard */ = {
			isa = PBXVariantGroup;
			children = (
				8A3E56A92045499900E6A7A0 /* Base */,
			);
			name = Main.storyboard;
			sourceTree = "<group>";
		};
		8A3E56AD2045499900E6A7A0 /* LaunchScreen.storyboard */ = {
			isa = PBXVariantGroup;
			children = (
				8A3E56AE2045499900E6A7A0 /* Base */,
			);
			name = LaunchScreen.storyboard;
			sourceTree = "<group>";
		};
/* End PBXVariantGroup section */

/* Begin XCBuildConfiguration section */
		8A3E56C92045499900E6A7A0 /* Debug */ = {
			isa = XCBuildConfiguration;
			buildSettings = {
				ALWAYS_SEARCH_USER_PATHS = NO;
				CLANG_ANALYZER_NONNULL = YES;
				CLANG_ANALYZER_NUMBER_OBJECT_CONVERSION = YES_AGGRESSIVE;
				CLANG_CXX_LANGUAGE_STANDARD = "gnu++14";
				CLANG_CXX_LIBRARY = "libc++";
				CLANG_ENABLE_MODULES = YES;
				CLANG_ENABLE_OBJC_ARC = YES;
				CLANG_WARN_BLOCK_CAPTURE_AUTORELEASING = YES;
				CLANG_WARN_BOOL_CONVERSION = YES;
				CLANG_WARN_COMMA = YES;
				CLANG_WARN_CONSTANT_CONVERSION = YES;
				CLANG_WARN_DIRECT_OBJC_ISA_USAGE = YES_ERROR;
				CLANG_WARN_DOCUMENTATION_COMMENTS = YES;
				CLANG_WARN_EMPTY_BODY = YES;
				CLANG_WARN_ENUM_CONVERSION = YES;
				CLANG_WARN_INFINITE_RECURSION = YES;
				CLANG_WARN_INT_CONVERSION = YES;
				CLANG_WARN_NON_LITERAL_NULL_CONVERSION = YES;
				CLANG_WARN_OBJC_LITERAL_CONVERSION = YES;
				CLANG_WARN_OBJC_ROOT_CLASS = YES_ERROR;
				CLANG_WARN_RANGE_LOOP_ANALYSIS = YES;
				CLANG_WARN_STRICT_PROTOTYPES = YES;
				CLANG_WARN_SUSPICIOUS_MOVE = YES;
				CLANG_WARN_UNGUARDED_AVAILABILITY = YES_AGGRESSIVE;
				CLANG_WARN_UNREACHABLE_CODE = YES;
				CLANG_WARN__DUPLICATE_METHOD_MATCH = YES;
				CODE_SIGN_IDENTITY = "iPhone Developer";
				COPY_PHASE_STRIP = NO;
				DEBUG_INFORMATION_FORMAT = dwarf;
				ENABLE_STRICT_OBJC_MSGSEND = YES;
				ENABLE_TESTABILITY = YES;
				GCC_C_LANGUAGE_STANDARD = gnu11;
				GCC_DYNAMIC_NO_PIC = NO;
				GCC_NO_COMMON_BLOCKS = YES;
				GCC_OPTIMIZATION_LEVEL = 0;
				GCC_PREPROCESSOR_DEFINITIONS = (
					"DEBUG=1",
					"$(inherited)",
				);
				GCC_WARN_64_TO_32_BIT_CONVERSION = YES;
				GCC_WARN_ABOUT_RETURN_TYPE = YES_ERROR;
				GCC_WARN_UNDECLARED_SELECTOR = YES;
				GCC_WARN_UNINITIALIZED_AUTOS = YES_AGGRESSIVE;
				GCC_WARN_UNUSED_FUNCTION = YES;
				GCC_WARN_UNUSED_VARIABLE = YES;
				IPHONEOS_DEPLOYMENT_TARGET = 11.2;
				MTL_ENABLE_DEBUG_INFO = YES;
				ONLY_ACTIVE_ARCH = YES;
				SDKROOT = iphoneos;
			};
			name = Debug;
		};
		8A3E56CA2045499900E6A7A0 /* Release */ = {
			isa = XCBuildConfiguration;
			buildSettings = {
				ALWAYS_SEARCH_USER_PATHS = NO;
				CLANG_ANALYZER_NONNULL = YES;
				CLANG_ANALYZER_NUMBER_OBJECT_CONVERSION = YES_AGGRESSIVE;
				CLANG_CXX_LANGUAGE_STANDARD = "gnu++14";
				CLANG_CXX_LIBRARY = "libc++";
				CLANG_ENABLE_MODULES = YES;
				CLANG_ENABLE_OBJC_ARC = YES;
				CLANG_WARN_BLOCK_CAPTURE_AUTORELEASING = YES;
				CLANG_WARN_BOOL_CONVERSION = YES;
				CLANG_WARN_COMMA = YES;
				CLANG_WARN_CONSTANT_CONVERSION = YES;
				CLANG_WARN_DIRECT_OBJC_ISA_USAGE = YES_ERROR;
				CLANG_WARN_DOCUMENTATION_COMMENTS = YES;
				CLANG_WARN_EMPTY_BODY = YES;
				CLANG_WARN_ENUM_CONVERSION = YES;
				CLANG_WARN_INFINITE_RECURSION = YES;
				CLANG_WARN_INT_CONVERSION = YES;
				CLANG_WARN_NON_LITERAL_NULL_CONVERSION = YES;
				CLANG_WARN_OBJC_LITERAL_CONVERSION = YES;
				CLANG_WARN_OBJC_ROOT_CLASS = YES_ERROR;
				CLANG_WARN_RANGE_LOOP_ANALYSIS = YES;
				CLANG_WARN_STRICT_PROTOTYPES = YES;
				CLANG_WARN_SUSPICIOUS_MOVE = YES;
				CLANG_WARN_UNGUARDED_AVAILABILITY = YES_AGGRESSIVE;
				CLANG_WARN_UNREACHABLE_CODE = YES;
				CLANG_WARN__DUPLICATE_METHOD_MATCH = YES;
				CODE_SIGN_IDENTITY = "iPhone Developer";
				COPY_PHASE_STRIP = NO;
				DEBUG_INFORMATION_FORMAT = "dwarf-with-dsym";
				ENABLE_NS_ASSERTIONS = NO;
				ENABLE_STRICT_OBJC_MSGSEND = YES;
				GCC_C_LANGUAGE_STANDARD = gnu11;
				GCC_NO_COMMON_BLOCKS = YES;
				GCC_WARN_64_TO_32_BIT_CONVERSION = YES;
				GCC_WARN_ABOUT_RETURN_TYPE = YES_ERROR;
				GCC_WARN_UNDECLARED_SELECTOR = YES;
				GCC_WARN_UNINITIALIZED_AUTOS = YES_AGGRESSIVE;
				GCC_WARN_UNUSED_FUNCTION = YES;
				GCC_WARN_UNUSED_VARIABLE = YES;
				IPHONEOS_DEPLOYMENT_TARGET = 11.2;
				MTL_ENABLE_DEBUG_INFO = NO;
				SDKROOT = iphoneos;
				VALIDATE_PRODUCT = YES;
			};
			name = Release;
		};
		8A3E56CC2045499900E6A7A0 /* Debug */ = {
			isa = XCBuildConfiguration;
			buildSettings = {
				ASSETCATALOG_COMPILER_APPICON_NAME = AppIcon;
				CODE_SIGN_STYLE = Automatic;
				INFOPLIST_FILE = RAC/Info.plist;
				LD_RUNPATH_SEARCH_PATHS = "$(inherited) @executable_path/Frameworks";
				PRODUCT_BUNDLE_IDENTIFIER = gengjunjie.RAC;
				PRODUCT_NAME = "$(TARGET_NAME)";
				TARGETED_DEVICE_FAMILY = "1,2";
			};
			name = Debug;
		};
		8A3E56CD2045499900E6A7A0 /* Release */ = {
			isa = XCBuildConfiguration;
			buildSettings = {
				ASSETCATALOG_COMPILER_APPICON_NAME = AppIcon;
				CODE_SIGN_STYLE = Automatic;
				INFOPLIST_FILE = RAC/Info.plist;
				LD_RUNPATH_SEARCH_PATHS = "$(inherited) @executable_path/Frameworks";
				PRODUCT_BUNDLE_IDENTIFIER = gengjunjie.RAC;
				PRODUCT_NAME = "$(TARGET_NAME)";
				TARGETED_DEVICE_FAMILY = "1,2";
			};
			name = Release;
		};
		8A3E56CF2045499900E6A7A0 /* Debug */ = {
			isa = XCBuildConfiguration;
			buildSettings = {
				BUNDLE_LOADER = "$(TEST_HOST)";
				CODE_SIGN_STYLE = Automatic;
				INFOPLIST_FILE = RACTests/Info.plist;
				LD_RUNPATH_SEARCH_PATHS = "$(inherited) @executable_path/Frameworks @loader_path/Frameworks";
				PRODUCT_BUNDLE_IDENTIFIER = gengjunjie.RACTests;
				PRODUCT_NAME = "$(TARGET_NAME)";
				TARGETED_DEVICE_FAMILY = "1,2";
				TEST_HOST = "$(BUILT_PRODUCTS_DIR)/RAC.app/RAC";
			};
			name = Debug;
		};
		8A3E56D02045499900E6A7A0 /* Release */ = {
			isa = XCBuildConfiguration;
			buildSettings = {
				BUNDLE_LOADER = "$(TEST_HOST)";
				CODE_SIGN_STYLE = Automatic;
				INFOPLIST_FILE = RACTests/Info.plist;
				LD_RUNPATH_SEARCH_PATHS = "$(inherited) @executable_path/Frameworks @loader_path/Frameworks";
				PRODUCT_BUNDLE_IDENTIFIER = gengjunjie.RACTests;
				PRODUCT_NAME = "$(TARGET_NAME)";
				TARGETED_DEVICE_FAMILY = "1,2";
				TEST_HOST = "$(BUILT_PRODUCTS_DIR)/RAC.app/RAC";
			};
			name = Release;
		};
		8A3E56D22045499900E6A7A0 /* Debug */ = {
			isa = XCBuildConfiguration;
			buildSettings = {
				CODE_SIGN_STYLE = Automatic;
				INFOPLIST_FILE = RACUITests/Info.plist;
				LD_RUNPATH_SEARCH_PATHS = "$(inherited) @executable_path/Frameworks @loader_path/Frameworks";
				PRODUCT_BUNDLE_IDENTIFIER = gengjunjie.RACUITests;
				PRODUCT_NAME = "$(TARGET_NAME)";
				TARGETED_DEVICE_FAMILY = "1,2";
				TEST_TARGET_NAME = RAC;
			};
			name = Debug;
		};
		8A3E56D32045499900E6A7A0 /* Release */ = {
			isa = XCBuildConfiguration;
			buildSettings = {
				CODE_SIGN_STYLE = Automatic;
				INFOPLIST_FILE = RACUITests/Info.plist;
				LD_RUNPATH_SEARCH_PATHS = "$(inherited) @executable_path/Frameworks @loader_path/Frameworks";
				PRODUCT_BUNDLE_IDENTIFIER = gengjunjie.RACUITests;
				PRODUCT_NAME = "$(TARGET_NAME)";
				TARGETED_DEVICE_FAMILY = "1,2";
				TEST_TARGET_NAME = RAC;
			};
			name = Release;
		};
/* End XCBuildConfiguration section */

/* Begin XCConfigurationList section */
		8A3E569A2045499900E6A7A0 /* Build configuration list for PBXProject "RAC" */ = {
			isa = XCConfigurationList;
			buildConfigurations = (
				8A3E56C92045499900E6A7A0 /* Debug */,
				8A3E56CA2045499900E6A7A0 /* Release */,
			);
			defaultConfigurationIsVisible = 0;
			defaultConfigurationName = Release;
		};
		8A3E56CB2045499900E6A7A0 /* Build configuration list for PBXNativeTarget "RAC" */ = {
			isa = XCConfigurationList;
			buildConfigurations = (
				8A3E56CC2045499900E6A7A0 /* Debug */,
				8A3E56CD2045499900E6A7A0 /* Release */,
			);
			defaultConfigurationIsVisible = 0;
			defaultConfigurationName = Release;
		};
		8A3E56CE2045499900E6A7A0 /* Build configuration list for PBXNativeTarget "RACTests" */ = {
			isa = XCConfigurationList;
			buildConfigurations = (
				8A3E56CF2045499900E6A7A0 /* Debug */,
				8A3E56D02045499900E6A7A0 /* Release */,
			);
			defaultConfigurationIsVisible = 0;
			defaultConfigurationName = Release;
		};
		8A3E56D12045499900E6A7A0 /* Build configuration list for PBXNativeTarget "RACUITests" */ = {
			isa = XCConfigurationList;
			buildConfigurations = (
				8A3E56D22045499900E6A7A0 /* Debug */,
				8A3E56D32045499900E6A7A0 /* Release */,
			);
			defaultConfigurationIsVisible = 0;
			defaultConfigurationName = Release;
		};
/* End XCConfigurationList section */
	};
	rootObject = 8A3E56972045499900E6A7A0 /* Project object */;
}
